Microsoft Visual Studio Solution File, Format Version 12.00
# Visual Studio Version 17
VisualStudioVersion = 17.5.2.0
MinimumVisualStudioVersion = 10.0.40219.1
Project("{FAE04EC0-301F-11D3-BF4B-00C04F79EFBC}") = "personapi-dotnet", "personapi-dotnet\personapi-dotnet.csproj", "{FF37BA07-5D19-8F93-BE80-9D3100283633}"
EndProject
Global
	GlobalSection(SolutionConfigurationPlatforms) = preSolution
		Debug|Any CPU = Debug|Any CPU
		Release|Any CPU = Release|Any CPU
	EndGlobalSection
	GlobalSection(ProjectConfigurationPlatforms) = postSolution
		{FF37BA07-5D19-8F93-BE80-9D3100283633}.Debug|Any CPU.ActiveCfg = Debug|Any CPU
		{FF37BA07-5D19-8F93-BE80-9D3100283633}.Debug|Any CPU.Build.0 = Debug|Any CPU
		{FF37BA07-5D19-8F93-BE80-9D3100283633}.Release|Any CPU.ActiveCfg = Release|Any CPU
		{FF37BA07-5D19-8F93-BE80-9D3100283633}.Release|Any CPU.Build.0 = Release|Any CPU
	EndGlobalSection
	GlobalSection(SolutionProperties) = preSolution
		HideSolutionNode = FALSE
	EndGlobalSection
	GlobalSection(ExtensibilityGlobals) = postSolution
		SolutionGuid = {668F0F3A-CF7F-47CE-8885-3AC39A81E6F4}
	EndGlobalSection
EndGlobal
